schema: '2.0'
stages:
  data_ingestion:
    cmd: python src/Chest_Cancer_Classification/pipeline/stage_01_data_ingestion.py
    deps:
    - path: config/config.yaml
      hash: md5
      md5: bf5995f9e69b6cd9c1fe5cc14d782456
      size: 1114
    - path: src/Chest_Cancer_Classification/pipeline/stage_01_data_ingestion.py
      hash: md5
      md5: a22f75bbb27abe146941c615374e6eb1
      size: 922
    outs:
    - path: artifacts/Chest-CT-Scan-data
      hash: md5
      md5: 904fa45d934ce879b3b1933dca6cb2f1.dir
      size: 49247431
      nfiles: 343
  prepare_base_model:
    cmd: python src/Chest_Cancer_Classification/pipeline/stage_02_prepare_base_model.py
    deps:
    - path: config/config.yaml
      hash: md5
      md5: bf5995f9e69b6cd9c1fe5cc14d782456
      size: 1114
    - path: src/Chest_Cancer_Classification/pipeline/stage_02_prepare_base_model.py
      hash: md5
      md5: 61e840455ce67e852484ca70a47b4b81
      size: 1008
    params:
      params.yaml:
        CLASSES: 2
        IMAGE_SIZE:
        - 224
        - 224
        - 3
        INCLUDE_TOP: false
        LEARNING_RATE: 0.01
        WEIGHTS: imagenet
    outs:
    - path: artifacts/prepare_base_model
      hash: md5
      md5: 91d9cac2fccb3b49dd4342a7f20f8af9.dir
      size: 118053368
      nfiles: 2
  training:
    cmd: python src/Chest_Cancer_Classification/pipeline/stage_03_model_trainer.py
    deps:
    - path: artifacts/Chest-CT-Scan-data
      hash: md5
      md5: 904fa45d934ce879b3b1933dca6cb2f1.dir
      size: 49247431
      nfiles: 343
    - path: artifacts/prepare_base_model
      hash: md5
      md5: 91d9cac2fccb3b49dd4342a7f20f8af9.dir
      size: 118053368
      nfiles: 2
    - path: config/config.yaml
      hash: md5
      md5: bf5995f9e69b6cd9c1fe5cc14d782456
      size: 1114
    - path: src/Chest_Cancer_Classification/pipeline/stage_03_model_trainer.py
      hash: md5
      md5: bf5c5c1cfb22e0846339b81295448ed8
      size: 934
    params:
      params.yaml:
        AUGMENTATION: true
        BATCH_SIZE: 8
        EPOCHS: 1
        IMAGE_SIZE:
        - 224
        - 224
        - 3
    outs:
    - path: artifacts/training/model.h5
      hash: md5
      md5: f847668fffd91f8b512ae13f7e2c8f79
      size: 59135136
  evaluation:
    cmd: python src/Chest_Cancer_Classification/pipeline/stage_04_model_evaluation.py
    deps:
    - path: artifacts/Chest-CT-Scan-data
      hash: md5
      md5: 904fa45d934ce879b3b1933dca6cb2f1.dir
      size: 49247431
      nfiles: 343
    - path: artifacts/training/model.h5
      hash: md5
      md5: f847668fffd91f8b512ae13f7e2c8f79
      size: 59135136
    - path: config/config.yaml
      hash: md5
      md5: bf5995f9e69b6cd9c1fe5cc14d782456
      size: 1114
    - path: src/Chest_Cancer_Classification/pipeline/stage_04_model_evaluation.py
      hash: md5
      md5: 24a8000cdb0a20c193f80c00c29e96f3
      size: 945
    params:
      params.yaml:
        BATCH_SIZE: 8
        IMAGE_SIZE:
        - 224
        - 224
        - 3
    outs:
    - path: scores.json
      hash: md5
      md5: ef0e00d8452349092ccc36a7c03a245c
      size: 72
